{
  "version": 4,
  "terraform_version": "1.11.3",
  "serial": 10,
  "lineage": "13f74904-6727-0ecd-690e-7ed9e6dbc8f1",
  "outputs": {},
  "resources": [
    {
      "mode": "managed",
      "type": "github_repository",
      "name": "test",
      "provider": "provider[\"registry.terraform.io/integrations/github\"]",
      "instances": [
        {
          "schema_version": 1,
          "attributes": {
            "allow_auto_merge": false,
            "allow_merge_commit": true,
            "allow_rebase_merge": true,
            "allow_squash_merge": true,
            "allow_update_branch": false,
            "archive_on_destroy": null,
            "archived": false,
            "auto_init": null,
            "default_branch": "devel",
            "delete_branch_on_merge": false,
            "description": "test for terraform github provider",
            "etag": "W/\"4751ff338f9acf4a069ee8f2c4efa8ac25d0a22bd874bc676946b93f4f739bf9\"",
            "full_name": "redrum15/test-terraform-github",
            "git_clone_url": "git://github.com/redrum15/test-terraform-github.git",
            "gitignore_template": null,
            "has_discussions": false,
            "has_downloads": false,
            "has_issues": false,
            "has_projects": false,
            "has_wiki": false,
            "homepage_url": "",
            "html_url": "https://github.com/redrum15/test-terraform-github",
            "http_clone_url": "https://github.com/redrum15/test-terraform-github.git",
            "id": "test-terraform-github",
            "ignore_vulnerability_alerts_during_read": null,
            "is_template": false,
            "license_template": "mit",
            "merge_commit_message": "PR_TITLE",
            "merge_commit_title": "MERGE_MESSAGE",
            "name": "test-terraform-github",
            "node_id": "R_kgDOOXrZiw",
            "pages": [],
            "primary_language": "JavaScript",
            "private": false,
            "repo_id": 964352395,
            "security_and_analysis": [
              {
                "advanced_security": [],
                "secret_scanning": [
                  {
                    "status": "enabled"
                  }
                ],
                "secret_scanning_push_protection": [
                  {
                    "status": "enabled"
                  }
                ]
              }
            ],
            "squash_merge_commit_message": "COMMIT_MESSAGES",
            "squash_merge_commit_title": "COMMIT_OR_PR_TITLE",
            "ssh_clone_url": "git@github.com:redrum15/test-terraform-github.git",
            "svn_url": "https://github.com/redrum15/test-terraform-github",
            "template": [],
            "topics": [],
            "visibility": "public",
            "vulnerability_alerts": false,
            "web_commit_signoff_required": false
          },
          "sensitive_attributes": [],
          "private": "eyJzY2hlbWFfdmVyc2lvbiI6IjEifQ=="
        }
      ]
    }
  ],
  "check_results": null
}
